
Microsoft Visual Studio Solution File, Format Version 12.00
# Visual Studio Version 16
VisualStudioVersion = 16.0.31515.178
MinimumVisualStudioVersion = 10.0.40219.1
Project("{9A19103F-16F7-4668-BE54-9A1E7A4F7556}") = "QuizDesigner.Blazor.Server", "Source\QuizDesigner.Blazor.Server\QuizDesigner.Blazor.Server.csproj", "{E27A62BE-2C70-4991-8F17-C381F7A37E1F}"
EndProject
Project("{2150E333-8FDC-42A3-9474-1A3956D46DE8}") = "Solution Items", "Solution Items", "{AE12D656-08F2-45F0-B2CF-7A5A22A427DB}"
	ProjectSection(SolutionItems) = preProject
		dependencies.props = dependencies.props
		Directory.Build.props = Directory.Build.props
	EndProjectSection
EndProject
Project("{2150E333-8FDC-42A3-9474-1A3956D46DE8}") = "Source", "Source", "{C3576A5A-F777-407C-8ECC-879366DDD182}"
EndProject
Project("{9A19103F-16F7-4668-BE54-9A1E7A4F7556}") = "QuizDesigner.Blazor.App", "Source\QuizDesigner.Blazor.App\QuizDesigner.Blazor.App.csproj", "{BB4AB194-2A97-44CB-A146-7CDFF9274B0B}"
EndProject
Project("{9A19103F-16F7-4668-BE54-9A1E7A4F7556}") = "QuizDesigner.Application", "Source\QuizDesigner.Application\QuizDesigner.Application.csproj", "{3AFAD1C7-5284-46AB-8B44-6F4342BC1501}"
EndProject
Project("{2150E333-8FDC-42A3-9474-1A3956D46DE8}") = "UI", "UI", "{2F4A6DCA-92BA-4FDE-BF64-3D4A27DADABB}"
EndProject
Project("{2150E333-8FDC-42A3-9474-1A3956D46DE8}") = "Services", "Services", "{CC49C626-8CAA-4641-8DC1-9FA02496F967}"
EndProject
Project("{9A19103F-16F7-4668-BE54-9A1E7A4F7556}") = "QuizDesigner.Persistence", "Source\QuizDesigner.Persistence\QuizDesigner.Persistence.csproj", "{CE61C4CE-6D81-4D73-8AB0-3D3216AFB461}"
EndProject
Project("{9A19103F-16F7-4668-BE54-9A1E7A4F7556}") = "QuizDesigner.Blazor.ComponentsLibrary", "Source\QuizDesigner.Blazor.ComponentsLibrary\QuizDesigner.Blazor.ComponentsLibrary.csproj", "{F3E4ED7C-E96B-4742-B9FA-598C2548CCD0}"
EndProject
Project("{2150E333-8FDC-42A3-9474-1A3956D46DE8}") = "TestHarness", "TestHarness", "{55628343-AB7E-49A6-8B9B-8A0F26513280}"
EndProject
Project("{2150E333-8FDC-42A3-9474-1A3956D46DE8}") = "Building Blocks", "Building Blocks", "{9FC61AC3-6A7D-4E14-9901-0AD9521D74FC}"
EndProject
Project("{9A19103F-16F7-4668-BE54-9A1E7A4F7556}") = "QuizDesigner.Outbox", "Source\QuizDesigner.Outbox\QuizDesigner.Outbox.csproj", "{6D10311A-4994-4D4A-93EF-C329DA9D89CB}"
EndProject
Project("{2150E333-8FDC-42A3-9474-1A3956D46DE8}") = "Standalone", "Standalone", "{DA96F841-1C4F-4C73-8BE4-E9E1BC8CDFA0}"
EndProject
Project("{9A19103F-16F7-4668-BE54-9A1E7A4F7556}") = "QuizDesigner.OutboxSender", "Standalone\QuizDesigner.OutboxSender\QuizDesigner.OutboxSender.csproj", "{D5DCBD24-DCD7-4895-8C6E-D54F6DCABB8B}"
EndProject
Project("{9A19103F-16F7-4668-BE54-9A1E7A4F7556}") = "QuizDesigner.Events", "QuizDesigner.Events\QuizDesigner.Events.csproj", "{18941812-C9C0-418C-A85F-E02E817CFD6D}"
EndProject
Project("{9A19103F-16F7-4668-BE54-9A1E7A4F7556}") = "QuizDesigner.AzureQueueStorage", "Source\QuizDesigner.AzureQueueStorage\QuizDesigner.AzureQueueStorage.csproj", "{FDC3EF5D-4F73-4B43-92E4-87DE630D7F03}"
EndProject
Project("{9A19103F-16F7-4668-BE54-9A1E7A4F7556}") = "QuizDesigner.AzureQueueStorage.TestHarness", "TestHarness\QuizDesigner.AzureQueueStorage.TestHarness\QuizDesigner.AzureQueueStorage.TestHarness.csproj", "{2B516B58-60BA-4F0C-9255-0DD7F7C086E7}"
EndProject
Project("{FAE04EC0-301F-11D3-BF4B-00C04F79EFBC}") = "QuizDesigner.AzureServiceBus", "Source\QuizDesigner.AzureServiceBus\QuizDesigner.AzureServiceBus.csproj", "{0255197B-6F51-402B-905F-E97E5E1A0BA0}"
EndProject
Global
	GlobalSection(SolutionConfigurationPlatforms) = preSolution
		Debug|Any CPU = Debug|Any CPU
		Release|Any CPU = Release|Any CPU
	EndGlobalSection
	GlobalSection(ProjectConfigurationPlatforms) = postSolution
		{E27A62BE-2C70-4991-8F17-C381F7A37E1F}.Debug|Any CPU.ActiveCfg = Debug|Any CPU
		{E27A62BE-2C70-4991-8F17-C381F7A37E1F}.Debug|Any CPU.Build.0 = Debug|Any CPU
		{E27A62BE-2C70-4991-8F17-C381F7A37E1F}.Release|Any CPU.ActiveCfg = Release|Any CPU
		{E27A62BE-2C70-4991-8F17-C381F7A37E1F}.Release|Any CPU.Build.0 = Release|Any CPU
		{BB4AB194-2A97-44CB-A146-7CDFF9274B0B}.Debug|Any CPU.ActiveCfg = Debug|Any CPU
		{BB4AB194-2A97-44CB-A146-7CDFF9274B0B}.Debug|Any CPU.Build.0 = Debug|Any CPU
		{BB4AB194-2A97-44CB-A146-7CDFF9274B0B}.Release|Any CPU.ActiveCfg = Release|Any CPU
		{BB4AB194-2A97-44CB-A146-7CDFF9274B0B}.Release|Any CPU.Build.0 = Release|Any CPU
		{3AFAD1C7-5284-46AB-8B44-6F4342BC1501}.Debug|Any CPU.ActiveCfg = Debug|Any CPU
		{3AFAD1C7-5284-46AB-8B44-6F4342BC1501}.Debug|Any CPU.Build.0 = Debug|Any CPU
		{3AFAD1C7-5284-46AB-8B44-6F4342BC1501}.Release|Any CPU.ActiveCfg = Release|Any CPU
		{3AFAD1C7-5284-46AB-8B44-6F4342BC1501}.Release|Any CPU.Build.0 = Release|Any CPU
		{CE61C4CE-6D81-4D73-8AB0-3D3216AFB461}.Debug|Any CPU.ActiveCfg = Debug|Any CPU
		{CE61C4CE-6D81-4D73-8AB0-3D3216AFB461}.Debug|Any CPU.Build.0 = Debug|Any CPU
		{CE61C4CE-6D81-4D73-8AB0-3D3216AFB461}.Release|Any CPU.ActiveCfg = Release|Any CPU
		{CE61C4CE-6D81-4D73-8AB0-3D3216AFB461}.Release|Any CPU.Build.0 = Release|Any CPU
		{F3E4ED7C-E96B-4742-B9FA-598C2548CCD0}.Debug|Any CPU.ActiveCfg = Debug|Any CPU
		{F3E4ED7C-E96B-4742-B9FA-598C2548CCD0}.Debug|Any CPU.Build.0 = Debug|Any CPU
		{F3E4ED7C-E96B-4742-B9FA-598C2548CCD0}.Release|Any CPU.ActiveCfg = Release|Any CPU
		{F3E4ED7C-E96B-4742-B9FA-598C2548CCD0}.Release|Any CPU.Build.0 = Release|Any CPU
		{6D10311A-4994-4D4A-93EF-C329DA9D89CB}.Debug|Any CPU.ActiveCfg = Debug|Any CPU
		{6D10311A-4994-4D4A-93EF-C329DA9D89CB}.Debug|Any CPU.Build.0 = Debug|Any CPU
		{6D10311A-4994-4D4A-93EF-C329DA9D89CB}.Release|Any CPU.ActiveCfg = Release|Any CPU
		{6D10311A-4994-4D4A-93EF-C329DA9D89CB}.Release|Any CPU.Build.0 = Release|Any CPU
		{D5DCBD24-DCD7-4895-8C6E-D54F6DCABB8B}.Debug|Any CPU.ActiveCfg = Debug|Any CPU
		{D5DCBD24-DCD7-4895-8C6E-D54F6DCABB8B}.Debug|Any CPU.Build.0 = Debug|Any CPU
		{D5DCBD24-DCD7-4895-8C6E-D54F6DCABB8B}.Release|Any CPU.ActiveCfg = Release|Any CPU
		{D5DCBD24-DCD7-4895-8C6E-D54F6DCABB8B}.Release|Any CPU.Build.0 = Release|Any CPU
		{18941812-C9C0-418C-A85F-E02E817CFD6D}.Debug|Any CPU.ActiveCfg = Debug|Any CPU
		{18941812-C9C0-418C-A85F-E02E817CFD6D}.Debug|Any CPU.Build.0 = Debug|Any CPU
		{18941812-C9C0-418C-A85F-E02E817CFD6D}.Release|Any CPU.ActiveCfg = Release|Any CPU
		{18941812-C9C0-418C-A85F-E02E817CFD6D}.Release|Any CPU.Build.0 = Release|Any CPU
		{FDC3EF5D-4F73-4B43-92E4-87DE630D7F03}.Debug|Any CPU.ActiveCfg = Debug|Any CPU
		{FDC3EF5D-4F73-4B43-92E4-87DE630D7F03}.Debug|Any CPU.Build.0 = Debug|Any CPU
		{FDC3EF5D-4F73-4B43-92E4-87DE630D7F03}.Release|Any CPU.ActiveCfg = Release|Any CPU
		{FDC3EF5D-4F73-4B43-92E4-87DE630D7F03}.Release|Any CPU.Build.0 = Release|Any CPU
		{2B516B58-60BA-4F0C-9255-0DD7F7C086E7}.Debug|Any CPU.ActiveCfg = Debug|Any CPU
		{2B516B58-60BA-4F0C-9255-0DD7F7C086E7}.Debug|Any CPU.Build.0 = Debug|Any CPU
		{2B516B58-60BA-4F0C-9255-0DD7F7C086E7}.Release|Any CPU.ActiveCfg = Release|Any CPU
		{2B516B58-60BA-4F0C-9255-0DD7F7C086E7}.Release|Any CPU.Build.0 = Release|Any CPU
		{0255197B-6F51-402B-905F-E97E5E1A0BA0}.Debug|Any CPU.ActiveCfg = Debug|Any CPU
		{0255197B-6F51-402B-905F-E97E5E1A0BA0}.Debug|Any CPU.Build.0 = Debug|Any CPU
		{0255197B-6F51-402B-905F-E97E5E1A0BA0}.Release|Any CPU.ActiveCfg = Release|Any CPU
		{0255197B-6F51-402B-905F-E97E5E1A0BA0}.Release|Any CPU.Build.0 = Release|Any CPU
	EndGlobalSection
	GlobalSection(SolutionProperties) = preSolution
		HideSolutionNode = FALSE
	EndGlobalSection
	GlobalSection(NestedProjects) = preSolution
		{E27A62BE-2C70-4991-8F17-C381F7A37E1F} = {2F4A6DCA-92BA-4FDE-BF64-3D4A27DADABB}
		{BB4AB194-2A97-44CB-A146-7CDFF9274B0B} = {2F4A6DCA-92BA-4FDE-BF64-3D4A27DADABB}
		{3AFAD1C7-5284-46AB-8B44-6F4342BC1501} = {CC49C626-8CAA-4641-8DC1-9FA02496F967}
		{2F4A6DCA-92BA-4FDE-BF64-3D4A27DADABB} = {C3576A5A-F777-407C-8ECC-879366DDD182}
		{CC49C626-8CAA-4641-8DC1-9FA02496F967} = {C3576A5A-F777-407C-8ECC-879366DDD182}
		{CE61C4CE-6D81-4D73-8AB0-3D3216AFB461} = {CC49C626-8CAA-4641-8DC1-9FA02496F967}
		{F3E4ED7C-E96B-4742-B9FA-598C2548CCD0} = {2F4A6DCA-92BA-4FDE-BF64-3D4A27DADABB}
		{9FC61AC3-6A7D-4E14-9901-0AD9521D74FC} = {C3576A5A-F777-407C-8ECC-879366DDD182}
		{6D10311A-4994-4D4A-93EF-C329DA9D89CB} = {9FC61AC3-6A7D-4E14-9901-0AD9521D74FC}
		{D5DCBD24-DCD7-4895-8C6E-D54F6DCABB8B} = {DA96F841-1C4F-4C73-8BE4-E9E1BC8CDFA0}
		{18941812-C9C0-418C-A85F-E02E817CFD6D} = {9FC61AC3-6A7D-4E14-9901-0AD9521D74FC}
		{FDC3EF5D-4F73-4B43-92E4-87DE630D7F03} = {9FC61AC3-6A7D-4E14-9901-0AD9521D74FC}
		{2B516B58-60BA-4F0C-9255-0DD7F7C086E7} = {55628343-AB7E-49A6-8B9B-8A0F26513280}
		{0255197B-6F51-402B-905F-E97E5E1A0BA0} = {9FC61AC3-6A7D-4E14-9901-0AD9521D74FC}
	EndGlobalSection
	GlobalSection(ExtensibilityGlobals) = postSolution
		SolutionGuid = {FA415DAB-23AE-4E78-A4A7-337D72ED17D3}
	EndGlobalSection
EndGlobal
